// !$*UTF8*$!
{
	archiveVersion = 1;
	classes = {
	};
	objectVersion = 46;
	objects = {

/* Begin PBXBuildFile section */
		82908EB21CBF2F6B0033897F /* AI.cpp in Sources */ = {isa = PBXBuildFile; fileRef = 82908EAA1CBF2F6B0033897F /* AI.cpp */; };
		82908EB31CBF2F6B0033897F /* Board.cpp in Sources */ = {isa = PBXBuildFile; fileRef = 82908EAC1CBF2F6B0033897F /* Board.cpp */; };
		82908EB41CBF2F6B0033897F /* main.cpp in Sources */ = {isa = PBXBuildFile; fileRef = 82908EAE1CBF2F6B0033897F /* main.cpp */; };
		82908EB51CBF2F6B0033897F /* MainGame.cpp in Sources */ = {isa = PBXBuildFile; fileRef = 82908EAF1CBF2F6B0033897F /* MainGame.cpp */; };
/* End PBXBuildFile section */

/* Begin PBXCopyFilesBuildPhase section */
		82908E9E1CBF2F270033897F /* CopyFiles */ = {
			isa = PBXCopyFilesBuildPhase;
			buildActionMask = 2147483647;
			dstPath = /usr/share/man/man1/;
			dstSubfolderSpec = 0;
			files = (
			);
			runOnlyForDeploymentPostprocessing = 1;
		};
/* End PBXCopyFilesBuildPhase section */

/* Begin PBXFileReference section */
		82908EA01CBF2F270033897F /* connect4 */ = {isa = PBXFileReference; explicitFileType = "compiled.mach-o.executable"; includeInIndex = 0; path = connect4; sourceTree = BUILT_PRODUCTS_DIR; };
		82908EAA1CBF2F6B0033897F /* AI.cpp */ = {isa = PBXFileReference; fileEncoding = 4; lastKnownFileType = sourcecode.cpp.cpp; name = AI.cpp; path = ../../AI.cpp; sourceTree = "<group>"; };
		82908EAB1CBF2F6B0033897F /* AI.h */ = {isa = PBXFileReference; fileEncoding = 4; lastKnownFileType = sourcecode.c.h; name = AI.h; path = ../../AI.h; sourceTree = "<group>"; };
		82908EAC1CBF2F6B0033897F /* Board.cpp */ = {isa = PBXFileReference; fileEncoding = 4; lastKnownFileType = sourcecode.cpp.cpp; name = Board.cpp; path = ../../Board.cpp; sourceTree = "<group>"; };
		82908EAD1CBF2F6B0033897F /* Board.h */ = {isa = PBXFileReference; fileEncoding = 4; lastKnownFileType = sourcecode.c.h; name = Board.h; path = ../../Board.h; sourceTree = "<group>"; };
		82908EAE1CBF2F6B0033897F /* main.cpp */ = {isa = PBXFileReference; fileEncoding = 4; lastKnownFileType = sourcecode.cpp.cpp; name = main.cpp; path = ../../main.cpp; sourceTree = "<group>"; };
		82908EAF1CBF2F6B0033897F /* MainGame.cpp */ = {isa = PBXFileReference; fileEncoding = 4; lastKnownFileType = sourcecode.cpp.cpp; name = MainGame.cpp; path = ../../MainGame.cpp; sourceTree = "<group>"; };
		82908EB01CBF2F6B0033897F /* MainGame.h */ = {isa = PBXFileReference; fileEncoding = 4; lastKnownFileType = sourcecode.c.h; name = MainGame.h; path = ../../MainGame.h; sourceTree = "<group>"; };
		82908EB11CBF2F6B0033897F /* README */ = {isa = PBXFileReference; fileEncoding = 4; lastKnownFileType = text; name = README; path = ../../README; sourceTree = "<group>"; };
/* End PBXFileReference section */

/* Begin PBXFrameworksBuildPhase section */
		82908E9D1CBF2F270033897F /* Frameworks */ = {
			isa = PBXFrameworksBuildPhase;
			buildActionMask = 2147483647;
			files = (
			);
			runOnlyForDeploymentPostprocessing = 0;
		};
/* End PBXFrameworksBuildPhase section */

/* Begin PBXGroup section */
		82908E971CBF2F270033897F = {
			isa = PBXGroup;
			children = (
				82908EA21CBF2F270033897F /* connect4 */,
				82908EA11CBF2F270033897F /* Products */,
			);
			sourceTree = "<group>";
		};
		82908EA11CBF2F270033897F /* Products */ = {
			isa = PBXGroup;
			children = (
				82908EA01CBF2F270033897F /* connect4 */,
			);
			name = Products;
			sourceTree = "<group>";
		};
		82908EA21CBF2F270033897F /* connect4 */ = {
			isa = PBXGroup;
			children = (
				82908EAA1CBF2F6B0033897F /* AI.cpp */,
				82908EAB1CBF2F6B0033897F /* AI.h */,
				82908EAC1CBF2F6B0033897F /* Board.cpp */,
				82908EAD1CBF2F6B0033897F /* Board.h */,
				82908EAE1CBF2F6B0033897F /* main.cpp */,
				82908EAF1CBF2F6B0033897F /* MainGame.cpp */,
				82908EB01CBF2F6B0033897F /* MainGame.h */,
				82908EB11CBF2F6B0033897F /* README */,
			);
			path = connect4;
			sourceTree = "<group>";
		};
/* End PBXGroup section */

/* Begin PBXNativeTarget section */
		82908E9F1CBF2F270033897F /* connect4 */ = {
			isa = PBXNativeTarget;
			buildConfigurationList = 82908EA71CBF2F270033897F /* Build configuration list for PBXNativeTarget "connect4" */;
			buildPhases = (
				82908E9C1CBF2F270033897F /* Sources */,
				82908E9D1CBF2F270033897F /* Frameworks */,
				82908E9E1CBF2F270033897F /* CopyFiles */,
			);
			buildRules = (
			);
			dependencies = (
			);
			name = connect4;
			productName = connect4;
			productReference = 82908EA01CBF2F270033897F /* connect4 */;
			productType = "com.apple.product-type.tool";
		};
/* End PBXNativeTarget section */

/* Begin PBXProject section */
		82908E981CBF2F270033897F /* Project object */ = {
			isa = PBXProject;
			attributes = {
				LastUpgradeCheck = 0720;
				ORGANIZATIONNAME = "Tyler Small";
				TargetAttributes = {
					82908E9F1CBF2F270033897F = {
						CreatedOnToolsVersion = 7.2;
					};
				};
			};
			buildConfigurationList = 82908E9B1CBF2F270033897F /* Build configuration list for PBXProject "connect4" */;
			compatibilityVersion = "Xcode 3.2";
			developmentRegion = English;
			hasScannedForEncodings = 0;
			knownRegions = (
				en,
			);
			mainGroup = 82908E971CBF2F270033897F;
			productRefGroup = 82908EA11CBF2F270033897F /* Products */;
			projectDirPath = "";
			projectRoot = "";
			targets = (
				82908E9F1CBF2F270033897F /* connect4 */,
			);
		};
/* End PBXProject section */

/* Begin PBXSourcesBuildPhase section */
		82908E9C1CBF2F270033897F /* Sources */ = {
			isa = PBXSourcesBuildPhase;
			buildActionMask = 2147483647;
			files = (
				82908EB31CBF2F6B0033897F /* Board.cpp in Sources */,
				82908EB51CBF2F6B0033897F /* MainGame.cpp in Sources */,
				82908EB41CBF2F6B0033897F /* main.cpp in Sources */,
				82908EB21CBF2F6B0033897F /* AI.cpp in Sources */,
			);
			runOnlyForDeploymentPostprocessing = 0;
		};
/* End PBXSourcesBuildPhase section */

/* Begin XCBuildConfiguration section */
		82908EA51CBF2F270033897F /* Debug */ = {
			isa = XCBuildConfiguration;
			buildSettings = {
				ALWAYS_SEARCH_USER_PATHS = NO;
				CLANG_CXX_LANGUAGE_STANDARD = "gnu++0x";
				CLANG_CXX_LIBRARY = "libc++";
				CLANG_ENABLE_MODULES = YES;
				CLANG_ENABLE_OBJC_ARC = YES;
				CLANG_WARN_BOOL_CONVERSION = YES;
				CLANG_WARN_CONSTANT_CONVERSION = YES;
				CLANG_WARN_DIRECT_OBJC_ISA_USAGE = YES_ERROR;
				CLANG_WARN_EMPTY_BODY = YES;
				CLANG_WARN_ENUM_CONVERSION = YES;
				CLANG_WARN_INT_CONVERSION = YES;
				CLANG_WARN_OBJC_ROOT_CLASS = YES_ERROR;
				CLANG_WARN_UNREACHABLE_CODE = YES;
				CLANG_WARN__DUPLICATE_METHOD_MATCH = YES;
				CODE_SIGN_IDENTITY = "-";
				COPY_PHASE_STRIP = NO;
				DEBUG_INFORMATION_FORMAT = dwarf;
				ENABLE_STRICT_OBJC_MSGSEND = YES;
				ENABLE_TESTABILITY = YES;
				GCC_C_LANGUAGE_STANDARD = gnu99;
				GCC_DYNAMIC_NO_PIC = NO;
				GCC_NO_COMMON_BLOCKS = YES;
				GCC_OPTIMIZATION_LEVEL = 0;
				GCC_PREPROCESSOR_DEFINITIONS = (
					"DEBUG=1",
					"$(inherited)",
				);
				GCC_WARN_64_TO_32_BIT_CONVERSION = YES;
				GCC_WARN_ABOUT_RETURN_TYPE = YES_ERROR;
				GCC_WARN_UNDECLARED_SELECTOR = YES;
				GCC_WARN_UNINITIALIZED_AUTOS = YES_AGGRESSIVE;
				GCC_WARN_UNUSED_FUNCTION = YES;
				GCC_WARN_UNUSED_VARIABLE = YES;
				MACOSX_DEPLOYMENT_TARGET = 10.11;
				MTL_ENABLE_DEBUG_INFO = YES;
				ONLY_ACTIVE_ARCH = YES;
				SDKROOT = macosx;
			};
			name = Debug;
		};
		82908EA61CBF2F270033897F /* Release */ = {
			isa = XCBuildConfiguration;
			buildSettings = {
				ALWAYS_SEARCH_USER_PATHS = NO;
				CLANG_CXX_LANGUAGE_STANDARD = "gnu++0x";
				CLANG_CXX_LIBRARY = "libc++";
				CLANG_ENABLE_MODULES = YES;
				CLANG_ENABLE_OBJC_ARC = YES;
				CLANG_WARN_BOOL_CONVERSION = YES;
				CLANG_WARN_CONSTANT_CONVERSION = YES;
				CLANG_WARN_DIRECT_OBJC_ISA_USAGE = YES_ERROR;
				CLANG_WARN_EMPTY_BODY = YES;
				CLANG_WARN_ENUM_CONVERSION = YES;
				CLANG_WARN_INT_CONVERSION = YES;
				CLANG_WARN_OBJC_ROOT_CLASS = YES_ERROR;
				CLANG_WARN_UNREACHABLE_CODE = YES;
				CLANG_WARN__DUPLICATE_METHOD_MATCH = YES;
				CODE_SIGN_IDENTITY = "-";
				COPY_PHASE_STRIP = NO;
				DEBUG_INFORMATION_FORMAT = "dwarf-with-dsym";
				ENABLE_NS_ASSERTIONS = NO;
				ENABLE_STRICT_OBJC_MSGSEND = YES;
				GCC_C_LANGUAGE_STANDARD = gnu99;
				GCC_NO_COMMON_BLOCKS = YES;
				GCC_WARN_64_TO_32_BIT_CONVERSION = YES;
				GCC_WARN_ABOUT_RETURN_TYPE = YES_ERROR;
				GCC_WARN_UNDECLARED_SELECTOR = YES;
				GCC_WARN_UNINITIALIZED_AUTOS = YES_AGGRESSIVE;
				GCC_WARN_UNUSED_FUNCTION = YES;
				GCC_WARN_UNUSED_VARIABLE = YES;
				MACOSX_DEPLOYMENT_TARGET = 10.11;
				MTL_ENABLE_DEBUG_INFO = NO;
				SDKROOT = macosx;
			};
			name = Release;
		};
		82908EA81CBF2F270033897F /* Debug */ = {
			isa = XCBuildConfiguration;
			buildSettings = {
				PRODUCT_NAME = "$(TARGET_NAME)";
			};
			name = Debug;
		};
		82908EA91CBF2F270033897F /* Release */ = {
			isa = XCBuildConfiguration;
			buildSettings = {
				PRODUCT_NAME = "$(TARGET_NAME)";
			};
			name = Release;
		};
/* End XCBuildConfiguration section */

/* Begin XCConfigurationList section */
		82908E9B1CBF2F270033897F /* Build configuration list for PBXProject "connect4" */ = {
			isa = XCConfigurationList;
			buildConfigurations = (
				82908EA51CBF2F270033897F /* Debug */,
				82908EA61CBF2F270033897F /* Release */,
			);
			defaultConfigurationIsVisible = 0;
			defaultConfigurationName = Release;
		};
		82908EA71CBF2F270033897F /* Build configuration list for PBXNativeTarget "connect4" */ = {
			isa = XCConfigurationList;
			buildConfigurations = (
				82908EA81CBF2F270033897F /* Debug */,
				82908EA91CBF2F270033897F /* Release */,
			);
			defaultConfigurationIsVisible = 0;
		};
/* End XCConfigurationList section */
	};
	rootObject = 82908E981CBF2F270033897F /* Project object */;
}
